// !$*UTF8*$!
{
	archiveVersion = 1;
	classes = {
	};
	objectVersion = 48;
	objects = {

/* Begin PBXBuildFile section */
		31019C6A20444D28004A3284 /* main.c in Sources */ = {isa = PBXBuildFile; fileRef = 31019C6920444D28004A3284 /* main.c */; };
		31019C7720445208004A3284 /* main.c in Sources */ = {isa = PBXBuildFile; fileRef = 31019C7620445208004A3284 /* main.c */; };
		31019C8220445CA9004A3284 /* main.c in Sources */ = {isa = PBXBuildFile; fileRef = 31019C8120445CA9004A3284 /* main.c */; };
		31019C8820445CCD004A3284 /* myRandom.c in Sources */ = {isa = PBXBuildFile; fileRef = 31019C8720445CCD004A3284 /* myRandom.c */; };
		316B348B2045A2DB00A6BE93 /* main.c in Sources */ = {isa = PBXBuildFile; fileRef = 316B348A2045A2DB00A6BE93 /* main.c */; };
		316B34962045A56A00A6BE93 /* main.c in Sources */ = {isa = PBXBuildFile; fileRef = 316B34952045A56A00A6BE93 /* main.c */; };
		316B34A12045A8CE00A6BE93 /* main.c in Sources */ = {isa = PBXBuildFile; fileRef = 316B34A02045A8CE00A6BE93 /* main.c */; };
		316B34AC2045AED000A6BE93 /* main.c in Sources */ = {isa = PBXBuildFile; fileRef = 316B34AB2045AED000A6BE93 /* main.c */; };
/* End PBXBuildFile section */

/* Begin PBXCopyFilesBuildPhase section */
		31019C6420444D28004A3284 /* CopyFiles */ = {
			isa = PBXCopyFilesBuildPhase;
			buildActionMask = 2147483647;
			dstPath = /usr/share/man/man1/;
			dstSubfolderSpec = 0;
			files = (
			);
			runOnlyForDeploymentPostprocessing = 1;
		};
		31019C7220445208004A3284 /* CopyFiles */ = {
			isa = PBXCopyFilesBuildPhase;
			buildActionMask = 2147483647;
			dstPath = /usr/share/man/man1/;
			dstSubfolderSpec = 0;
			files = (
			);
			runOnlyForDeploymentPostprocessing = 1;
		};
		31019C7D20445CA8004A3284 /* CopyFiles */ = {
			isa = PBXCopyFilesBuildPhase;
			buildActionMask = 2147483647;
			dstPath = /usr/share/man/man1/;
			dstSubfolderSpec = 0;
			files = (
			);
			runOnlyForDeploymentPostprocessing = 1;
		};
		316B34862045A2DB00A6BE93 /* CopyFiles */ = {
			isa = PBXCopyFilesBuildPhase;
			buildActionMask = 2147483647;
			dstPath = /usr/share/man/man1/;
			dstSubfolderSpec = 0;
			files = (
			);
			runOnlyForDeploymentPostprocessing = 1;
		};
		316B34912045A56A00A6BE93 /* CopyFiles */ = {
			isa = PBXCopyFilesBuildPhase;
			buildActionMask = 2147483647;
			dstPath = /usr/share/man/man1/;
			dstSubfolderSpec = 0;
			files = (
			);
			runOnlyForDeploymentPostprocessing = 1;
		};
		316B349C2045A8CE00A6BE93 /* CopyFiles */ = {
			isa = PBXCopyFilesBuildPhase;
			buildActionMask = 2147483647;
			dstPath = /usr/share/man/man1/;
			dstSubfolderSpec = 0;
			files = (
			);
			runOnlyForDeploymentPostprocessing = 1;
		};
		316B34A72045AED000A6BE93 /* CopyFiles */ = {
			isa = PBXCopyFilesBuildPhase;
			buildActionMask = 2147483647;
			dstPath = /usr/share/man/man1/;
			dstSubfolderSpec = 0;
			files = (
			);
			runOnlyForDeploymentPostprocessing = 1;
		};
/* End PBXCopyFilesBuildPhase section */

/* Begin PBXFileReference section */
		31019C6620444D28004A3284 /* day08 */ = {isa = PBXFileReference; explicitFileType = "compiled.mach-o.executable"; includeInIndex = 0; path = day08; sourceTree = BUILT_PRODUCTS_DIR; };
		31019C6920444D28004A3284 /* main.c */ = {isa = PBXFileReference; lastKnownFileType = sourcecode.c.c; path = main.c; sourceTree = "<group>"; };
		31019C7420445208004A3284 /* 文件包含指令的使用 */ = {isa = PBXFileReference; explicitFileType = "compiled.mach-o.executable"; includeInIndex = 0; path = "文件包含指令的使用"; sourceTree = BUILT_PRODUCTS_DIR; };
		31019C7620445208004A3284 /* main.c */ = {isa = PBXFileReference; lastKnownFileType = sourcecode.c.c; path = main.c; sourceTree = "<group>"; };
		31019C7F20445CA8004A3284 /* 多文件开发 */ = {isa = PBXFileReference; explicitFileType = "compiled.mach-o.executable"; includeInIndex = 0; path = "多文件开发"; sourceTree = BUILT_PRODUCTS_DIR; };
		31019C8120445CA9004A3284 /* main.c */ = {isa = PBXFileReference; lastKnownFileType = sourcecode.c.c; path = main.c; sourceTree = "<group>"; };
		31019C8620445CCD004A3284 /* myRandom.h */ = {isa = PBXFileReference; lastKnownFileType = sourcecode.c.h; path = myRandom.h; sourceTree = "<group>"; };
		31019C8720445CCD004A3284 /* myRandom.c */ = {isa = PBXFileReference; lastKnownFileType = sourcecode.c.c; path = myRandom.c; sourceTree = "<group>"; };
		316B34882045A2DB00A6BE93 /* 面试题 */ = {isa = PBXFileReference; explicitFileType = "compiled.mach-o.executable"; includeInIndex = 0; path = "面试题"; sourceTree = BUILT_PRODUCTS_DIR; };
		316B348A2045A2DB00A6BE93 /* main.c */ = {isa = PBXFileReference; lastKnownFileType = sourcecode.c.c; path = main.c; sourceTree = "<group>"; };
		316B34932045A56A00A6BE93 /* c语言的进制 */ = {isa = PBXFileReference; explicitFileType = "compiled.mach-o.executable"; includeInIndex = 0; path = "c语言的进制"; sourceTree = BUILT_PRODUCTS_DIR; };
		316B34952045A56A00A6BE93 /* main.c */ = {isa = PBXFileReference; lastKnownFileType = sourcecode.c.c; path = main.c; sourceTree = "<group>"; };
		316B349E2045A8CE00A6BE93 /* 进制之间的转换 */ = {isa = PBXFileReference; explicitFileType = "compiled.mach-o.executable"; includeInIndex = 0; path = "进制之间的转换"; sourceTree = BUILT_PRODUCTS_DIR; };
		316B34A02045A8CE00A6BE93 /* main.c */ = {isa = PBXFileReference; lastKnownFileType = sourcecode.c.c; path = main.c; sourceTree = "<group>"; };
		316B34A92045AED000A6BE93 /* sizeof */ = {isa = PBXFileReference; explicitFileType = "compiled.mach-o.executable"; includeInIndex = 0; path = sizeof; sourceTree = BUILT_PRODUCTS_DIR; };
		316B34AB2045AED000A6BE93 /* main.c */ = {isa = PBXFileReference; lastKnownFileType = sourcecode.c.c; path = main.c; sourceTree = "<group>"; };
/* End PBXFileReference section */

/* Begin PBXFrameworksBuildPhase section */
		31019C6320444D28004A3284 /* Frameworks */ = {
			isa = PBXFrameworksBuildPhase;
			buildActionMask = 2147483647;
			files = (
			);
			runOnlyForDeploymentPostprocessing = 0;
		};
		31019C7120445208004A3284 /* Frameworks */ = {
			isa = PBXFrameworksBuildPhase;
			buildActionMask = 2147483647;
			files = (
			);
			runOnlyForDeploymentPostprocessing = 0;
		};
		31019C7C20445CA8004A3284 /* Frameworks */ = {
			isa = PBXFrameworksBuildPhase;
			buildActionMask = 2147483647;
			files = (
			);
			runOnlyForDeploymentPostprocessing = 0;
		};
		316B34852045A2DB00A6BE93 /* Frameworks */ = {
			isa = PBXFrameworksBuildPhase;
			buildActionMask = 2147483647;
			files = (
			);
			runOnlyForDeploymentPostprocessing = 0;
		};
		316B34902045A56A00A6BE93 /* Frameworks */ = {
			isa = PBXFrameworksBuildPhase;
			buildActionMask = 2147483647;
			files = (
			);
			runOnlyForDeploymentPostprocessing = 0;
		};
		316B349B2045A8CE00A6BE93 /* Frameworks */ = {
			isa = PBXFrameworksBuildPhase;
			buildActionMask = 2147483647;
			files = (
			);
			runOnlyForDeploymentPostprocessing = 0;
		};
		316B34A62045AED000A6BE93 /* Frameworks */ = {
			isa = PBXFrameworksBuildPhase;
			buildActionMask = 2147483647;
			files = (
			);
			runOnlyForDeploymentPostprocessing = 0;
		};
/* End PBXFrameworksBuildPhase section */

/* Begin PBXGroup section */
		31019C5D20444D28004A3284 = {
			isa = PBXGroup;
			children = (
				31019C6820444D28004A3284 /* day08 */,
				31019C7520445208004A3284 /* 文件包含指令的使用 */,
				31019C8020445CA9004A3284 /* 多文件开发 */,
				316B34892045A2DB00A6BE93 /* 面试题 */,
				316B34942045A56A00A6BE93 /* c语言的进制 */,
				316B349F2045A8CE00A6BE93 /* 进制之间的转换 */,
				316B34AA2045AED000A6BE93 /* sizeof */,
				31019C6720444D28004A3284 /* Products */,
			);
			sourceTree = "<group>";
		};
		31019C6720444D28004A3284 /* Products */ = {
			isa = PBXGroup;
			children = (
				31019C6620444D28004A3284 /* day08 */,
				31019C7420445208004A3284 /* 文件包含指令的使用 */,
				31019C7F20445CA8004A3284 /* 多文件开发 */,
				316B34882045A2DB00A6BE93 /* 面试题 */,
				316B34932045A56A00A6BE93 /* c语言的进制 */,
				316B349E2045A8CE00A6BE93 /* 进制之间的转换 */,
				316B34A92045AED000A6BE93 /* sizeof */,
			);
			name = Products;
			sourceTree = "<group>";
		};
		31019C6820444D28004A3284 /* day08 */ = {
			isa = PBXGroup;
			children = (
				31019C6920444D28004A3284 /* main.c */,
			);
			path = day08;
			sourceTree = "<group>";
		};
		31019C7520445208004A3284 /* 文件包含指令的使用 */ = {
			isa = PBXGroup;
			children = (
				31019C7620445208004A3284 /* main.c */,
			);
			path = "文件包含指令的使用";
			sourceTree = "<group>";
		};
		31019C8020445CA9004A3284 /* 多文件开发 */ = {
			isa = PBXGroup;
			children = (
				31019C8120445CA9004A3284 /* main.c */,
				31019C8620445CCD004A3284 /* myRandom.h */,
				31019C8720445CCD004A3284 /* myRandom.c */,
			);
			path = "多文件开发";
			sourceTree = "<group>";
		};
		316B34892045A2DB00A6BE93 /* 面试题 */ = {
			isa = PBXGroup;
			children = (
				316B348A2045A2DB00A6BE93 /* main.c */,
			);
			path = "面试题";
			sourceTree = "<group>";
		};
		316B34942045A56A00A6BE93 /* c语言的进制 */ = {
			isa = PBXGroup;
			children = (
				316B34952045A56A00A6BE93 /* main.c */,
			);
			path = "c语言的进制";
			sourceTree = "<group>";
		};
		316B349F2045A8CE00A6BE93 /* 进制之间的转换 */ = {
			isa = PBXGroup;
			children = (
				316B34A02045A8CE00A6BE93 /* main.c */,
			);
			path = "进制之间的转换";
			sourceTree = "<group>";
		};
		316B34AA2045AED000A6BE93 /* sizeof */ = {
			isa = PBXGroup;
			children = (
				316B34AB2045AED000A6BE93 /* main.c */,
			);
			path = sizeof;
			sourceTree = "<group>";
		};
/* End PBXGroup section */

/* Begin PBXNativeTarget section */
		31019C6520444D28004A3284 /* day08 */ = {
			isa = PBXNativeTarget;
			buildConfigurationList = 31019C6D20444D28004A3284 /* Build configuration list for PBXNativeTarget "day08" */;
			buildPhases = (
				31019C6220444D28004A3284 /* Sources */,
				31019C6320444D28004A3284 /* Frameworks */,
				31019C6420444D28004A3284 /* CopyFiles */,
			);
			buildRules = (
			);
			dependencies = (
			);
			name = day08;
			productName = day08;
			productReference = 31019C6620444D28004A3284 /* day08 */;
			productType = "com.apple.product-type.tool";
		};
		31019C7320445208004A3284 /* 文件包含指令的使用 */ = {
			isa = PBXNativeTarget;
			buildConfigurationList = 31019C7820445208004A3284 /* Build configuration list for PBXNativeTarget "文件包含指令的使用" */;
			buildPhases = (
				31019C7020445208004A3284 /* Sources */,
				31019C7120445208004A3284 /* Frameworks */,
				31019C7220445208004A3284 /* CopyFiles */,
			);
			buildRules = (
			);
			dependencies = (
			);
			name = "文件包含指令的使用";
			productName = "文件包含指令的使用";
			productReference = 31019C7420445208004A3284 /* 文件包含指令的使用 */;
			productType = "com.apple.product-type.tool";
		};
		31019C7E20445CA8004A3284 /* 多文件开发 */ = {
			isa = PBXNativeTarget;
			buildConfigurationList = 31019C8320445CA9004A3284 /* Build configuration list for PBXNativeTarget "多文件开发" */;
			buildPhases = (
				31019C7B20445CA8004A3284 /* Sources */,
				31019C7C20445CA8004A3284 /* Frameworks */,
				31019C7D20445CA8004A3284 /* CopyFiles */,
			);
			buildRules = (
			);
			dependencies = (
			);
			name = "多文件开发";
			productName = "多文件开发";
			productReference = 31019C7F20445CA8004A3284 /* 多文件开发 */;
			productType = "com.apple.product-type.tool";
		};
		316B34872045A2DB00A6BE93 /* 面试题 */ = {
			isa = PBXNativeTarget;
			buildConfigurationList = 316B348E2045A2DB00A6BE93 /* Build configuration list for PBXNativeTarget "面试题" */;
			buildPhases = (
				316B34842045A2DB00A6BE93 /* Sources */,
				316B34852045A2DB00A6BE93 /* Frameworks */,
				316B34862045A2DB00A6BE93 /* CopyFiles */,
			);
			buildRules = (
			);
			dependencies = (
			);
			name = "面试题";
			productName = "面试题";
			productReference = 316B34882045A2DB00A6BE93 /* 面试题 */;
			productType = "com.apple.product-type.tool";
		};
		316B34922045A56A00A6BE93 /* c语言的进制 */ = {
			isa = PBXNativeTarget;
			buildConfigurationList = 316B34972045A56A00A6BE93 /* Build configuration list for PBXNativeTarget "c语言的进制" */;
			buildPhases = (
				316B348F2045A56A00A6BE93 /* Sources */,
				316B34902045A56A00A6BE93 /* Frameworks */,
				316B34912045A56A00A6BE93 /* CopyFiles */,
			);
			buildRules = (
			);
			dependencies = (
			);
			name = "c语言的进制";
			productName = "c语言的进制";
			productReference = 316B34932045A56A00A6BE93 /* c语言的进制 */;
			productType = "com.apple.product-type.tool";
		};
		316B349D2045A8CE00A6BE93 /* 进制之间的转换 */ = {
			isa = PBXNativeTarget;
			buildConfigurationList = 316B34A22045A8CE00A6BE93 /* Build configuration list for PBXNativeTarget "进制之间的转换" */;
			buildPhases = (
				316B349A2045A8CE00A6BE93 /* Sources */,
				316B349B2045A8CE00A6BE93 /* Frameworks */,
				316B349C2045A8CE00A6BE93 /* CopyFiles */,
			);
			buildRules = (
			);
			dependencies = (
			);
			name = "进制之间的转换";
			productName = "进制之间的转换";
			productReference = 316B349E2045A8CE00A6BE93 /* 进制之间的转换 */;
			productType = "com.apple.product-type.tool";
		};
		316B34A82045AED000A6BE93 /* sizeof */ = {
			isa = PBXNativeTarget;
			buildConfigurationList = 316B34AD2045AED000A6BE93 /* Build configuration list for PBXNativeTarget "sizeof" */;
			buildPhases = (
				316B34A52045AED000A6BE93 /* Sources */,
				316B34A62045AED000A6BE93 /* Frameworks */,
				316B34A72045AED000A6BE93 /* CopyFiles */,
			);
			buildRules = (
			);
			dependencies = (
			);
			name = sizeof;
			productName = sizeof;
			productReference = 316B34A92045AED000A6BE93 /* sizeof */;
			productType = "com.apple.product-type.tool";
		};
/* End PBXNativeTarget section */

/* Begin PBXProject section */
		31019C5E20444D28004A3284 /* Project object */ = {
			isa = PBXProject;
			attributes = {
				LastUpgradeCheck = 0920;
				ORGANIZATIONNAME = Donkor;
				TargetAttributes = {
					31019C6520444D28004A3284 = {
						CreatedOnToolsVersion = 9.2;
						ProvisioningStyle = Automatic;
					};
					31019C7320445208004A3284 = {
						CreatedOnToolsVersion = 9.2;
						ProvisioningStyle = Automatic;
					};
					31019C7E20445CA8004A3284 = {
						CreatedOnToolsVersion = 9.2;
						ProvisioningStyle = Automatic;
					};
					316B34872045A2DB00A6BE93 = {
						CreatedOnToolsVersion = 9.2;
						ProvisioningStyle = Automatic;
					};
					316B34922045A56A00A6BE93 = {
						CreatedOnToolsVersion = 9.2;
						ProvisioningStyle = Automatic;
					};
					316B349D2045A8CE00A6BE93 = {
						CreatedOnToolsVersion = 9.2;
						ProvisioningStyle = Automatic;
					};
					316B34A82045AED000A6BE93 = {
						CreatedOnToolsVersion = 9.2;
						ProvisioningStyle = Automatic;
					};
				};
			};
			buildConfigurationList = 31019C6120444D28004A3284 /* Build configuration list for PBXProject "day08" */;
			compatibilityVersion = "Xcode 8.0";
			developmentRegion = en;
			hasScannedForEncodings = 0;
			knownRegions = (
				en,
			);
			mainGroup = 31019C5D20444D28004A3284;
			productRefGroup = 31019C6720444D28004A3284 /* Products */;
			projectDirPath = "";
			projectRoot = "";
			targets = (
				31019C6520444D28004A3284 /* day08 */,
				31019C7320445208004A3284 /* 文件包含指令的使用 */,
				31019C7E20445CA8004A3284 /* 多文件开发 */,
				316B34872045A2DB00A6BE93 /* 面试题 */,
				316B34922045A56A00A6BE93 /* c语言的进制 */,
				316B349D2045A8CE00A6BE93 /* 进制之间的转换 */,
				316B34A82045AED000A6BE93 /* sizeof */,
			);
		};
/* End PBXProject section */

/* Begin PBXSourcesBuildPhase section */
		31019C6220444D28004A3284 /* Sources */ = {
			isa = PBXSourcesBuildPhase;
			buildActionMask = 2147483647;
			files = (
				31019C6A20444D28004A3284 /* main.c in Sources */,
			);
			runOnlyForDeploymentPostprocessing = 0;
		};
		31019C7020445208004A3284 /* Sources */ = {
			isa = PBXSourcesBuildPhase;
			buildActionMask = 2147483647;
			files = (
				31019C7720445208004A3284 /* main.c in Sources */,
			);
			runOnlyForDeploymentPostprocessing = 0;
		};
		31019C7B20445CA8004A3284 /* Sources */ = {
			isa = PBXSourcesBuildPhase;
			buildActionMask = 2147483647;
			files = (
				31019C8820445CCD004A3284 /* myRandom.c in Sources */,
				31019C8220445CA9004A3284 /* main.c in Sources */,
			);
			runOnlyForDeploymentPostprocessing = 0;
		};
		316B34842045A2DB00A6BE93 /* Sources */ = {
			isa = PBXSourcesBuildPhase;
			buildActionMask = 2147483647;
			files = (
				316B348B2045A2DB00A6BE93 /* main.c in Sources */,
			);
			runOnlyForDeploymentPostprocessing = 0;
		};
		316B348F2045A56A00A6BE93 /* Sources */ = {
			isa = PBXSourcesBuildPhase;
			buildActionMask = 2147483647;
			files = (
				316B34962045A56A00A6BE93 /* main.c in Sources */,
			);
			runOnlyForDeploymentPostprocessing = 0;
		};
		316B349A2045A8CE00A6BE93 /* Sources */ = {
			isa = PBXSourcesBuildPhase;
			buildActionMask = 2147483647;
			files = (
				316B34A12045A8CE00A6BE93 /* main.c in Sources */,
			);
			runOnlyForDeploymentPostprocessing = 0;
		};
		316B34A52045AED000A6BE93 /* Sources */ = {
			isa = PBXSourcesBuildPhase;
			buildActionMask = 2147483647;
			files = (
				316B34AC2045AED000A6BE93 /* main.c in Sources */,
			);
			runOnlyForDeploymentPostprocessing = 0;
		};
/* End PBXSourcesBuildPhase section */

/* Begin XCBuildConfiguration section */
		31019C6B20444D28004A3284 /* Debug */ = {
			isa = XCBuildConfiguration;
			buildSettings = {
				ALWAYS_SEARCH_USER_PATHS = NO;
				CLANG_ANALYZER_NONNULL = YES;
				CLANG_ANALYZER_NUMBER_OBJECT_CONVERSION = YES_AGGRESSIVE;
				CLANG_CXX_LANGUAGE_STANDARD = "gnu++14";
				CLANG_CXX_LIBRARY = "libc++";
				CLANG_ENABLE_MODULES = YES;
				CLANG_ENABLE_OBJC_ARC = YES;
				CLANG_WARN_BLOCK_CAPTURE_AUTORELEASING = YES;
				CLANG_WARN_BOOL_CONVERSION = YES;
				CLANG_WARN_COMMA = YES;
				CLANG_WARN_CONSTANT_CONVERSION = YES;
				CLANG_WARN_DIRECT_OBJC_ISA_USAGE = YES_ERROR;
				CLANG_WARN_DOCUMENTATION_COMMENTS = YES;
				CLANG_WARN_EMPTY_BODY = YES;
				CLANG_WARN_ENUM_CONVERSION = YES;
				CLANG_WARN_INFINITE_RECURSION = YES;
				CLANG_WARN_INT_CONVERSION = YES;
				CLANG_WARN_NON_LITERAL_NULL_CONVERSION = YES;
				CLANG_WARN_OBJC_LITERAL_CONVERSION = YES;
				CLANG_WARN_OBJC_ROOT_CLASS = YES_ERROR;
				CLANG_WARN_RANGE_LOOP_ANALYSIS = YES;
				CLANG_WARN_STRICT_PROTOTYPES = YES;
				CLANG_WARN_SUSPICIOUS_MOVE = YES;
				CLANG_WARN_UNGUARDED_AVAILABILITY = YES_AGGRESSIVE;
				CLANG_WARN_UNREACHABLE_CODE = YES;
				CLANG_WARN__DUPLICATE_METHOD_MATCH = YES;
				CODE_SIGN_IDENTITY = "-";
				COPY_PHASE_STRIP = NO;
				DEBUG_INFORMATION_FORMAT = dwarf;
				ENABLE_STRICT_OBJC_MSGSEND = YES;
				ENABLE_TESTABILITY = YES;
				GCC_C_LANGUAGE_STANDARD = gnu11;
				GCC_DYNAMIC_NO_PIC = NO;
				GCC_NO_COMMON_BLOCKS = YES;
				GCC_OPTIMIZATION_LEVEL = 0;
				GCC_PREPROCESSOR_DEFINITIONS = (
					"DEBUG=1",
					"$(inherited)",
				);
				GCC_WARN_64_TO_32_BIT_CONVERSION = YES;
				GCC_WARN_ABOUT_RETURN_TYPE = YES_ERROR;
				GCC_WARN_UNDECLARED_SELECTOR = YES;
				GCC_WARN_UNINITIALIZED_AUTOS = YES_AGGRESSIVE;
				GCC_WARN_UNUSED_FUNCTION = YES;
				GCC_WARN_UNUSED_VARIABLE = YES;
				MACOSX_DEPLOYMENT_TARGET = 10.13;
				MTL_ENABLE_DEBUG_INFO = YES;
				ONLY_ACTIVE_ARCH = YES;
				SDKROOT = macosx;
			};
			name = Debug;
		};
		31019C6C20444D28004A3284 /* Release */ = {
			isa = XCBuildConfiguration;
			buildSettings = {
				ALWAYS_SEARCH_USER_PATHS = NO;
				CLANG_ANALYZER_NONNULL = YES;
				CLANG_ANALYZER_NUMBER_OBJECT_CONVERSION = YES_AGGRESSIVE;
				CLANG_CXX_LANGUAGE_STANDARD = "gnu++14";
				CLANG_CXX_LIBRARY = "libc++";
				CLANG_ENABLE_MODULES = YES;
				CLANG_ENABLE_OBJC_ARC = YES;
				CLANG_WARN_BLOCK_CAPTURE_AUTORELEASING = YES;
				CLANG_WARN_BOOL_CONVERSION = YES;
				CLANG_WARN_COMMA = YES;
				CLANG_WARN_CONSTANT_CONVERSION = YES;
				CLANG_WARN_DIRECT_OBJC_ISA_USAGE = YES_ERROR;
				CLANG_WARN_DOCUMENTATION_COMMENTS = YES;
				CLANG_WARN_EMPTY_BODY = YES;
				CLANG_WARN_ENUM_CONVERSION = YES;
				CLANG_WARN_INFINITE_RECURSION = YES;
				CLANG_WARN_INT_CONVERSION = YES;
				CLANG_WARN_NON_LITERAL_NULL_CONVERSION = YES;
				CLANG_WARN_OBJC_LITERAL_CONVERSION = YES;
				CLANG_WARN_OBJC_ROOT_CLASS = YES_ERROR;
				CLANG_WARN_RANGE_LOOP_ANALYSIS = YES;
				CLANG_WARN_STRICT_PROTOTYPES = YES;
				CLANG_WARN_SUSPICIOUS_MOVE = YES;
				CLANG_WARN_UNGUARDED_AVAILABILITY = YES_AGGRESSIVE;
				CLANG_WARN_UNREACHABLE_CODE = YES;
				CLANG_WARN__DUPLICATE_METHOD_MATCH = YES;
				CODE_SIGN_IDENTITY = "-";
				COPY_PHASE_STRIP = NO;
				DEBUG_INFORMATION_FORMAT = "dwarf-with-dsym";
				ENABLE_NS_ASSERTIONS = NO;
				ENABLE_STRICT_OBJC_MSGSEND = YES;
				GCC_C_LANGUAGE_STANDARD = gnu11;
				GCC_NO_COMMON_BLOCKS = YES;
				GCC_WARN_64_TO_32_BIT_CONVERSION = YES;
				GCC_WARN_ABOUT_RETURN_TYPE = YES_ERROR;
				GCC_WARN_UNDECLARED_SELECTOR = YES;
				GCC_WARN_UNINITIALIZED_AUTOS = YES_AGGRESSIVE;
				GCC_WARN_UNUSED_FUNCTION = YES;
				GCC_WARN_UNUSED_VARIABLE = YES;
				MACOSX_DEPLOYMENT_TARGET = 10.13;
				MTL_ENABLE_DEBUG_INFO = NO;
				SDKROOT = macosx;
			};
			name = Release;
		};
		31019C6E20444D28004A3284 /* Debug */ = {
			isa = XCBuildConfiguration;
			buildSettings = {
				CODE_SIGN_STYLE = Automatic;
				PRODUCT_NAME = "$(TARGET_NAME)";
			};
			name = Debug;
		};
		31019C6F20444D28004A3284 /* Release */ = {
			isa = XCBuildConfiguration;
			buildSettings = {
				CODE_SIGN_STYLE = Automatic;
				PRODUCT_NAME = "$(TARGET_NAME)";
			};
			name = Release;
		};
		31019C7920445208004A3284 /* Debug */ = {
			isa = XCBuildConfiguration;
			buildSettings = {
				CODE_SIGN_STYLE = Automatic;
				PRODUCT_NAME = "$(TARGET_NAME)";
			};
			name = Debug;
		};
		31019C7A20445208004A3284 /* Release */ = {
			isa = XCBuildConfiguration;
			buildSettings = {
				CODE_SIGN_STYLE = Automatic;
				PRODUCT_NAME = "$(TARGET_NAME)";
			};
			name = Release;
		};
		31019C8420445CA9004A3284 /* Debug */ = {
			isa = XCBuildConfiguration;
			buildSettings = {
				CODE_SIGN_STYLE = Automatic;
				PRODUCT_NAME = "$(TARGET_NAME)";
			};
			name = Debug;
		};
		31019C8520445CA9004A3284 /* Release */ = {
			isa = XCBuildConfiguration;
			buildSettings = {
				CODE_SIGN_STYLE = Automatic;
				PRODUCT_NAME = "$(TARGET_NAME)";
			};
			name = Release;
		};
		316B348C2045A2DB00A6BE93 /* Debug */ = {
			isa = XCBuildConfiguration;
			buildSettings = {
				CODE_SIGN_STYLE = Automatic;
				PRODUCT_NAME = "$(TARGET_NAME)";
			};
			name = Debug;
		};
		316B348D2045A2DB00A6BE93 /* Release */ = {
			isa = XCBuildConfiguration;
			buildSettings = {
				CODE_SIGN_STYLE = Automatic;
				PRODUCT_NAME = "$(TARGET_NAME)";
			};
			name = Release;
		};
		316B34982045A56A00A6BE93 /* Debug */ = {
			isa = XCBuildConfiguration;
			buildSettings = {
				CODE_SIGN_STYLE = Automatic;
				PRODUCT_NAME = "$(TARGET_NAME)";
			};
			name = Debug;
		};
		316B34992045A56A00A6BE93 /* Release */ = {
			isa = XCBuildConfiguration;
			buildSettings = {
				CODE_SIGN_STYLE = Automatic;
				PRODUCT_NAME = "$(TARGET_NAME)";
			};
			name = Release;
		};
		316B34A32045A8CE00A6BE93 /* Debug */ = {
			isa = XCBuildConfiguration;
			buildSettings = {
				CODE_SIGN_STYLE = Automatic;
				PRODUCT_NAME = "$(TARGET_NAME)";
			};
			name = Debug;
		};
		316B34A42045A8CE00A6BE93 /* Release */ = {
			isa = XCBuildConfiguration;
			buildSettings = {
				CODE_SIGN_STYLE = Automatic;
				PRODUCT_NAME = "$(TARGET_NAME)";
			};
			name = Release;
		};
		316B34AE2045AED000A6BE93 /* Debug */ = {
			isa = XCBuildConfiguration;
			buildSettings = {
				CODE_SIGN_STYLE = Automatic;
				PRODUCT_NAME = "$(TARGET_NAME)";
			};
			name = Debug;
		};
		316B34AF2045AED000A6BE93 /* Release */ = {
			isa = XCBuildConfiguration;
			buildSettings = {
				CODE_SIGN_STYLE = Automatic;
				PRODUCT_NAME = "$(TARGET_NAME)";
			};
			name = Release;
		};
/* End XCBuildConfiguration section */

/* Begin XCConfigurationList section */
		31019C6120444D28004A3284 /* Build configuration list for PBXProject "day08" */ = {
			isa = XCConfigurationList;
			buildConfigurations = (
				31019C6B20444D28004A3284 /* Debug */,
				31019C6C20444D28004A3284 /* Release */,
			);
			defaultConfigurationIsVisible = 0;
			defaultConfigurationName = Release;
		};
		31019C6D20444D28004A3284 /* Build configuration list for PBXNativeTarget "day08" */ = {
			isa = XCConfigurationList;
			buildConfigurations = (
				31019C6E20444D28004A3284 /* Debug */,
				31019C6F20444D28004A3284 /* Release */,
			);
			defaultConfigurationIsVisible = 0;
			defaultConfigurationName = Release;
		};
		31019C7820445208004A3284 /* Build configuration list for PBXNativeTarget "文件包含指令的使用" */ = {
			isa = XCConfigurationList;
			buildConfigurations = (
				31019C7920445208004A3284 /* Debug */,
				31019C7A20445208004A3284 /* Release */,
			);
			defaultConfigurationIsVisible = 0;
			defaultConfigurationName = Release;
		};
		31019C8320445CA9004A3284 /* Build configuration list for PBXNativeTarget "多文件开发" */ = {
			isa = XCConfigurationList;
			buildConfigurations = (
				31019C8420445CA9004A3284 /* Debug */,
				31019C8520445CA9004A3284 /* Release */,
			);
			defaultConfigurationIsVisible = 0;
			defaultConfigurationName = Release;
		};
		316B348E2045A2DB00A6BE93 /* Build configuration list for PBXNativeTarget "面试题" */ = {
			isa = XCConfigurationList;
			buildConfigurations = (
				316B348C2045A2DB00A6BE93 /* Debug */,
				316B348D2045A2DB00A6BE93 /* Release */,
			);
			defaultConfigurationIsVisible = 0;
			defaultConfigurationName = Release;
		};
		316B34972045A56A00A6BE93 /* Build configuration list for PBXNativeTarget "c语言的进制" */ = {
			isa = XCConfigurationList;
			buildConfigurations = (
				316B34982045A56A00A6BE93 /* Debug */,
				316B34992045A56A00A6BE93 /* Release */,
			);
			defaultConfigurationIsVisible = 0;
			defaultConfigurationName = Release;
		};
		316B34A22045A8CE00A6BE93 /* Build configuration list for PBXNativeTarget "进制之间的转换" */ = {
			isa = XCConfigurationList;
			buildConfigurations = (
				316B34A32045A8CE00A6BE93 /* Debug */,
				316B34A42045A8CE00A6BE93 /* Release */,
			);
			defaultConfigurationIsVisible = 0;
			defaultConfigurationName = Release;
		};
		316B34AD2045AED000A6BE93 /* Build configuration list for PBXNativeTarget "sizeof" */ = {
			isa = XCConfigurationList;
			buildConfigurations = (
				316B34AE2045AED000A6BE93 /* Debug */,
				316B34AF2045AED000A6BE93 /* Release */,
			);
			defaultConfigurationIsVisible = 0;
			defaultConfigurationName = Release;
		};
/* End XCConfigurationList section */
	};
	rootObject = 31019C5E20444D28004A3284 /* Project object */;
}
