// !$*UTF8*$!
{
	archiveVersion = 1;
	classes = {
	};
	objectVersion = 48;
	objects = {

/* Begin PBXBuildFile section */
		317CC75320163E2800B56FE3 /* main.c in Sources */ = {isa = PBXBuildFile; fileRef = 317CC75220163E2800B56FE3 /* main.c */; };
		317CC761201642BE00B56FE3 /* main.c in Sources */ = {isa = PBXBuildFile; fileRef = 317CC760201642BE00B56FE3 /* main.c */; };
		317CC76C2016479000B56FE3 /* main.c in Sources */ = {isa = PBXBuildFile; fileRef = 317CC76B2016479000B56FE3 /* main.c */; };
		317CC77720164C5300B56FE3 /* main.c in Sources */ = {isa = PBXBuildFile; fileRef = 317CC77620164C5300B56FE3 /* main.c */; };
/* End PBXBuildFile section */

/* Begin PBXCopyFilesBuildPhase section */
		317CC74D20163E2800B56FE3 /* CopyFiles */ = {
			isa = PBXCopyFilesBuildPhase;
			buildActionMask = 2147483647;
			dstPath = /usr/share/man/man1/;
			dstSubfolderSpec = 0;
			files = (
			);
			runOnlyForDeploymentPostprocessing = 1;
		};
		317CC75C201642BE00B56FE3 /* CopyFiles */ = {
			isa = PBXCopyFilesBuildPhase;
			buildActionMask = 2147483647;
			dstPath = /usr/share/man/man1/;
			dstSubfolderSpec = 0;
			files = (
			);
			runOnlyForDeploymentPostprocessing = 1;
		};
		317CC7672016479000B56FE3 /* CopyFiles */ = {
			isa = PBXCopyFilesBuildPhase;
			buildActionMask = 2147483647;
			dstPath = /usr/share/man/man1/;
			dstSubfolderSpec = 0;
			files = (
			);
			runOnlyForDeploymentPostprocessing = 1;
		};
		317CC77220164C5300B56FE3 /* CopyFiles */ = {
			isa = PBXCopyFilesBuildPhase;
			buildActionMask = 2147483647;
			dstPath = /usr/share/man/man1/;
			dstSubfolderSpec = 0;
			files = (
			);
			runOnlyForDeploymentPostprocessing = 1;
		};
/* End PBXCopyFilesBuildPhase section */

/* Begin PBXFileReference section */
		317CC74F20163E2800B56FE3 /* day04 */ = {isa = PBXFileReference; explicitFileType = "compiled.mach-o.executable"; includeInIndex = 0; path = day04; sourceTree = BUILT_PRODUCTS_DIR; };
		317CC75220163E2800B56FE3 /* main.c */ = {isa = PBXFileReference; lastKnownFileType = sourcecode.c.c; path = main.c; sourceTree = "<group>"; };
		317CC75E201642BE00B56FE3 /* if-else练习 */ = {isa = PBXFileReference; explicitFileType = "compiled.mach-o.executable"; includeInIndex = 0; path = "if-else练习"; sourceTree = BUILT_PRODUCTS_DIR; };
		317CC760201642BE00B56FE3 /* main.c */ = {isa = PBXFileReference; lastKnownFileType = sourcecode.c.c; path = main.c; sourceTree = "<group>"; };
		317CC7692016479000B56FE3 /* if-else升级版练习 */ = {isa = PBXFileReference; explicitFileType = "compiled.mach-o.executable"; includeInIndex = 0; path = "if-else升级版练习"; sourceTree = BUILT_PRODUCTS_DIR; };
		317CC76B2016479000B56FE3 /* main.c */ = {isa = PBXFileReference; lastKnownFileType = sourcecode.c.c; path = main.c; sourceTree = "<group>"; };
		317CC77420164C5300B56FE3 /* if-else if-else */ = {isa = PBXFileReference; explicitFileType = "compiled.mach-o.executable"; includeInIndex = 0; path = "if-else if-else"; sourceTree = BUILT_PRODUCTS_DIR; };
		317CC77620164C5300B56FE3 /* main.c */ = {isa = PBXFileReference; lastKnownFileType = sourcecode.c.c; path = main.c; sourceTree = "<group>"; };
/* End PBXFileReference section */

/* Begin PBXFrameworksBuildPhase section */
		317CC74C20163E2800B56FE3 /* Frameworks */ = {
			isa = PBXFrameworksBuildPhase;
			buildActionMask = 2147483647;
			files = (
			);
			runOnlyForDeploymentPostprocessing = 0;
		};
		317CC75B201642BE00B56FE3 /* Frameworks */ = {
			isa = PBXFrameworksBuildPhase;
			buildActionMask = 2147483647;
			files = (
			);
			runOnlyForDeploymentPostprocessing = 0;
		};
		317CC7662016479000B56FE3 /* Frameworks */ = {
			isa = PBXFrameworksBuildPhase;
			buildActionMask = 2147483647;
			files = (
			);
			runOnlyForDeploymentPostprocessing = 0;
		};
		317CC77120164C5300B56FE3 /* Frameworks */ = {
			isa = PBXFrameworksBuildPhase;
			buildActionMask = 2147483647;
			files = (
			);
			runOnlyForDeploymentPostprocessing = 0;
		};
/* End PBXFrameworksBuildPhase section */

/* Begin PBXGroup section */
		317CC74620163E2800B56FE3 = {
			isa = PBXGroup;
			children = (
				317CC75120163E2800B56FE3 /* if-else结构 */,
				317CC75F201642BE00B56FE3 /* if-else练习 */,
				317CC76A2016479000B56FE3 /* if-else升级版练习 */,
				317CC77520164C5300B56FE3 /* if-else if-else */,
				317CC75020163E2800B56FE3 /* Products */,
			);
			sourceTree = "<group>";
		};
		317CC75020163E2800B56FE3 /* Products */ = {
			isa = PBXGroup;
			children = (
				317CC74F20163E2800B56FE3 /* day04 */,
				317CC75E201642BE00B56FE3 /* if-else练习 */,
				317CC7692016479000B56FE3 /* if-else升级版练习 */,
				317CC77420164C5300B56FE3 /* if-else if-else */,
			);
			name = Products;
			sourceTree = "<group>";
		};
		317CC75120163E2800B56FE3 /* if-else结构 */ = {
			isa = PBXGroup;
			children = (
				317CC75220163E2800B56FE3 /* main.c */,
			);
			path = "if-else结构";
			sourceTree = "<group>";
		};
		317CC75F201642BE00B56FE3 /* if-else练习 */ = {
			isa = PBXGroup;
			children = (
				317CC760201642BE00B56FE3 /* main.c */,
			);
			path = "if-else练习";
			sourceTree = "<group>";
		};
		317CC76A2016479000B56FE3 /* if-else升级版练习 */ = {
			isa = PBXGroup;
			children = (
				317CC76B2016479000B56FE3 /* main.c */,
			);
			path = "if-else升级版练习";
			sourceTree = "<group>";
		};
		317CC77520164C5300B56FE3 /* if-else if-else */ = {
			isa = PBXGroup;
			children = (
				317CC77620164C5300B56FE3 /* main.c */,
			);
			path = "if-else if-else";
			sourceTree = "<group>";
		};
/* End PBXGroup section */

/* Begin PBXNativeTarget section */
		317CC74E20163E2800B56FE3 /* day04 */ = {
			isa = PBXNativeTarget;
			buildConfigurationList = 317CC75620163E2800B56FE3 /* Build configuration list for PBXNativeTarget "day04" */;
			buildPhases = (
				317CC74B20163E2800B56FE3 /* Sources */,
				317CC74C20163E2800B56FE3 /* Frameworks */,
				317CC74D20163E2800B56FE3 /* CopyFiles */,
			);
			buildRules = (
			);
			dependencies = (
			);
			name = day04;
			productName = day04;
			productReference = 317CC74F20163E2800B56FE3 /* day04 */;
			productType = "com.apple.product-type.tool";
		};
		317CC75D201642BE00B56FE3 /* if-else练习 */ = {
			isa = PBXNativeTarget;
			buildConfigurationList = 317CC762201642BE00B56FE3 /* Build configuration list for PBXNativeTarget "if-else练习" */;
			buildPhases = (
				317CC75A201642BE00B56FE3 /* Sources */,
				317CC75B201642BE00B56FE3 /* Frameworks */,
				317CC75C201642BE00B56FE3 /* CopyFiles */,
			);
			buildRules = (
			);
			dependencies = (
			);
			name = "if-else练习";
			productName = "if-else练习";
			productReference = 317CC75E201642BE00B56FE3 /* if-else练习 */;
			productType = "com.apple.product-type.tool";
		};
		317CC7682016479000B56FE3 /* if-else升级版练习 */ = {
			isa = PBXNativeTarget;
			buildConfigurationList = 317CC76D2016479000B56FE3 /* Build configuration list for PBXNativeTarget "if-else升级版练习" */;
			buildPhases = (
				317CC7652016479000B56FE3 /* Sources */,
				317CC7662016479000B56FE3 /* Frameworks */,
				317CC7672016479000B56FE3 /* CopyFiles */,
			);
			buildRules = (
			);
			dependencies = (
			);
			name = "if-else升级版练习";
			productName = "if-else升级版练习";
			productReference = 317CC7692016479000B56FE3 /* if-else升级版练习 */;
			productType = "com.apple.product-type.tool";
		};
		317CC77320164C5300B56FE3 /* if-else if-else */ = {
			isa = PBXNativeTarget;
			buildConfigurationList = 317CC77820164C5300B56FE3 /* Build configuration list for PBXNativeTarget "if-else if-else" */;
			buildPhases = (
				317CC77020164C5300B56FE3 /* Sources */,
				317CC77120164C5300B56FE3 /* Frameworks */,
				317CC77220164C5300B56FE3 /* CopyFiles */,
			);
			buildRules = (
			);
			dependencies = (
			);
			name = "if-else if-else";
			productName = "if-else if-else";
			productReference = 317CC77420164C5300B56FE3 /* if-else if-else */;
			productType = "com.apple.product-type.tool";
		};
/* End PBXNativeTarget section */

/* Begin PBXProject section */
		317CC74720163E2800B56FE3 /* Project object */ = {
			isa = PBXProject;
			attributes = {
				LastUpgradeCheck = 0920;
				ORGANIZATIONNAME = Donkor;
				TargetAttributes = {
					317CC74E20163E2800B56FE3 = {
						CreatedOnToolsVersion = 9.2;
						ProvisioningStyle = Automatic;
					};
					317CC75D201642BE00B56FE3 = {
						CreatedOnToolsVersion = 9.2;
						ProvisioningStyle = Automatic;
					};
					317CC7682016479000B56FE3 = {
						CreatedOnToolsVersion = 9.2;
						ProvisioningStyle = Automatic;
					};
					317CC77320164C5300B56FE3 = {
						CreatedOnToolsVersion = 9.2;
						ProvisioningStyle = Automatic;
					};
				};
			};
			buildConfigurationList = 317CC74A20163E2800B56FE3 /* Build configuration list for PBXProject "day04" */;
			compatibilityVersion = "Xcode 8.0";
			developmentRegion = en;
			hasScannedForEncodings = 0;
			knownRegions = (
				en,
			);
			mainGroup = 317CC74620163E2800B56FE3;
			productRefGroup = 317CC75020163E2800B56FE3 /* Products */;
			projectDirPath = "";
			projectRoot = "";
			targets = (
				317CC74E20163E2800B56FE3 /* day04 */,
				317CC75D201642BE00B56FE3 /* if-else练习 */,
				317CC7682016479000B56FE3 /* if-else升级版练习 */,
				317CC77320164C5300B56FE3 /* if-else if-else */,
			);
		};
/* End PBXProject section */

/* Begin PBXSourcesBuildPhase section */
		317CC74B20163E2800B56FE3 /* Sources */ = {
			isa = PBXSourcesBuildPhase;
			buildActionMask = 2147483647;
			files = (
				317CC75320163E2800B56FE3 /* main.c in Sources */,
			);
			runOnlyForDeploymentPostprocessing = 0;
		};
		317CC75A201642BE00B56FE3 /* Sources */ = {
			isa = PBXSourcesBuildPhase;
			buildActionMask = 2147483647;
			files = (
				317CC761201642BE00B56FE3 /* main.c in Sources */,
			);
			runOnlyForDeploymentPostprocessing = 0;
		};
		317CC7652016479000B56FE3 /* Sources */ = {
			isa = PBXSourcesBuildPhase;
			buildActionMask = 2147483647;
			files = (
				317CC76C2016479000B56FE3 /* main.c in Sources */,
			);
			runOnlyForDeploymentPostprocessing = 0;
		};
		317CC77020164C5300B56FE3 /* Sources */ = {
			isa = PBXSourcesBuildPhase;
			buildActionMask = 2147483647;
			files = (
				317CC77720164C5300B56FE3 /* main.c in Sources */,
			);
			runOnlyForDeploymentPostprocessing = 0;
		};
/* End PBXSourcesBuildPhase section */

/* Begin XCBuildConfiguration section */
		317CC75420163E2800B56FE3 /* Debug */ = {
			isa = XCBuildConfiguration;
			buildSettings = {
				ALWAYS_SEARCH_USER_PATHS = NO;
				CLANG_ANALYZER_NONNULL = YES;
				CLANG_ANALYZER_NUMBER_OBJECT_CONVERSION = YES_AGGRESSIVE;
				CLANG_CXX_LANGUAGE_STANDARD = "gnu++14";
				CLANG_CXX_LIBRARY = "libc++";
				CLANG_ENABLE_MODULES = YES;
				CLANG_ENABLE_OBJC_ARC = YES;
				CLANG_WARN_BLOCK_CAPTURE_AUTORELEASING = YES;
				CLANG_WARN_BOOL_CONVERSION = YES;
				CLANG_WARN_COMMA = YES;
				CLANG_WARN_CONSTANT_CONVERSION = YES;
				CLANG_WARN_DIRECT_OBJC_ISA_USAGE = YES_ERROR;
				CLANG_WARN_DOCUMENTATION_COMMENTS = YES;
				CLANG_WARN_EMPTY_BODY = YES;
				CLANG_WARN_ENUM_CONVERSION = YES;
				CLANG_WARN_INFINITE_RECURSION = YES;
				CLANG_WARN_INT_CONVERSION = YES;
				CLANG_WARN_NON_LITERAL_NULL_CONVERSION = YES;
				CLANG_WARN_OBJC_LITERAL_CONVERSION = YES;
				CLANG_WARN_OBJC_ROOT_CLASS = YES_ERROR;
				CLANG_WARN_RANGE_LOOP_ANALYSIS = YES;
				CLANG_WARN_STRICT_PROTOTYPES = YES;
				CLANG_WARN_SUSPICIOUS_MOVE = YES;
				CLANG_WARN_UNGUARDED_AVAILABILITY = YES_AGGRESSIVE;
				CLANG_WARN_UNREACHABLE_CODE = YES;
				CLANG_WARN__DUPLICATE_METHOD_MATCH = YES;
				CODE_SIGN_IDENTITY = "-";
				COPY_PHASE_STRIP = NO;
				DEBUG_INFORMATION_FORMAT = dwarf;
				ENABLE_STRICT_OBJC_MSGSEND = YES;
				ENABLE_TESTABILITY = YES;
				GCC_C_LANGUAGE_STANDARD = gnu11;
				GCC_DYNAMIC_NO_PIC = NO;
				GCC_NO_COMMON_BLOCKS = YES;
				GCC_OPTIMIZATION_LEVEL = 0;
				GCC_PREPROCESSOR_DEFINITIONS = (
					"DEBUG=1",
					"$(inherited)",
				);
				GCC_WARN_64_TO_32_BIT_CONVERSION = YES;
				GCC_WARN_ABOUT_RETURN_TYPE = YES_ERROR;
				GCC_WARN_UNDECLARED_SELECTOR = YES;
				GCC_WARN_UNINITIALIZED_AUTOS = YES_AGGRESSIVE;
				GCC_WARN_UNUSED_FUNCTION = YES;
				GCC_WARN_UNUSED_VARIABLE = YES;
				MACOSX_DEPLOYMENT_TARGET = 10.13;
				MTL_ENABLE_DEBUG_INFO = YES;
				ONLY_ACTIVE_ARCH = YES;
				SDKROOT = macosx;
			};
			name = Debug;
		};
		317CC75520163E2800B56FE3 /* Release */ = {
			isa = XCBuildConfiguration;
			buildSettings = {
				ALWAYS_SEARCH_USER_PATHS = NO;
				CLANG_ANALYZER_NONNULL = YES;
				CLANG_ANALYZER_NUMBER_OBJECT_CONVERSION = YES_AGGRESSIVE;
				CLANG_CXX_LANGUAGE_STANDARD = "gnu++14";
				CLANG_CXX_LIBRARY = "libc++";
				CLANG_ENABLE_MODULES = YES;
				CLANG_ENABLE_OBJC_ARC = YES;
				CLANG_WARN_BLOCK_CAPTURE_AUTORELEASING = YES;
				CLANG_WARN_BOOL_CONVERSION = YES;
				CLANG_WARN_COMMA = YES;
				CLANG_WARN_CONSTANT_CONVERSION = YES;
				CLANG_WARN_DIRECT_OBJC_ISA_USAGE = YES_ERROR;
				CLANG_WARN_DOCUMENTATION_COMMENTS = YES;
				CLANG_WARN_EMPTY_BODY = YES;
				CLANG_WARN_ENUM_CONVERSION = YES;
				CLANG_WARN_INFINITE_RECURSION = YES;
				CLANG_WARN_INT_CONVERSION = YES;
				CLANG_WARN_NON_LITERAL_NULL_CONVERSION = YES;
				CLANG_WARN_OBJC_LITERAL_CONVERSION = YES;
				CLANG_WARN_OBJC_ROOT_CLASS = YES_ERROR;
				CLANG_WARN_RANGE_LOOP_ANALYSIS = YES;
				CLANG_WARN_STRICT_PROTOTYPES = YES;
				CLANG_WARN_SUSPICIOUS_MOVE = YES;
				CLANG_WARN_UNGUARDED_AVAILABILITY = YES_AGGRESSIVE;
				CLANG_WARN_UNREACHABLE_CODE = YES;
				CLANG_WARN__DUPLICATE_METHOD_MATCH = YES;
				CODE_SIGN_IDENTITY = "-";
				COPY_PHASE_STRIP = NO;
				DEBUG_INFORMATION_FORMAT = "dwarf-with-dsym";
				ENABLE_NS_ASSERTIONS = NO;
				ENABLE_STRICT_OBJC_MSGSEND = YES;
				GCC_C_LANGUAGE_STANDARD = gnu11;
				GCC_NO_COMMON_BLOCKS = YES;
				GCC_WARN_64_TO_32_BIT_CONVERSION = YES;
				GCC_WARN_ABOUT_RETURN_TYPE = YES_ERROR;
				GCC_WARN_UNDECLARED_SELECTOR = YES;
				GCC_WARN_UNINITIALIZED_AUTOS = YES_AGGRESSIVE;
				GCC_WARN_UNUSED_FUNCTION = YES;
				GCC_WARN_UNUSED_VARIABLE = YES;
				MACOSX_DEPLOYMENT_TARGET = 10.13;
				MTL_ENABLE_DEBUG_INFO = NO;
				SDKROOT = macosx;
			};
			name = Release;
		};
		317CC75720163E2800B56FE3 /* Debug */ = {
			isa = XCBuildConfiguration;
			buildSettings = {
				CODE_SIGN_STYLE = Automatic;
				PRODUCT_NAME = "$(TARGET_NAME)";
			};
			name = Debug;
		};
		317CC75820163E2800B56FE3 /* Release */ = {
			isa = XCBuildConfiguration;
			buildSettings = {
				CODE_SIGN_STYLE = Automatic;
				PRODUCT_NAME = "$(TARGET_NAME)";
			};
			name = Release;
		};
		317CC763201642BE00B56FE3 /* Debug */ = {
			isa = XCBuildConfiguration;
			buildSettings = {
				CODE_SIGN_STYLE = Automatic;
				PRODUCT_NAME = "$(TARGET_NAME)";
			};
			name = Debug;
		};
		317CC764201642BE00B56FE3 /* Release */ = {
			isa = XCBuildConfiguration;
			buildSettings = {
				CODE_SIGN_STYLE = Automatic;
				PRODUCT_NAME = "$(TARGET_NAME)";
			};
			name = Release;
		};
		317CC76E2016479000B56FE3 /* Debug */ = {
			isa = XCBuildConfiguration;
			buildSettings = {
				CODE_SIGN_STYLE = Automatic;
				PRODUCT_NAME = "$(TARGET_NAME)";
			};
			name = Debug;
		};
		317CC76F2016479000B56FE3 /* Release */ = {
			isa = XCBuildConfiguration;
			buildSettings = {
				CODE_SIGN_STYLE = Automatic;
				PRODUCT_NAME = "$(TARGET_NAME)";
			};
			name = Release;
		};
		317CC77920164C5300B56FE3 /* Debug */ = {
			isa = XCBuildConfiguration;
			buildSettings = {
				CODE_SIGN_STYLE = Automatic;
				PRODUCT_NAME = "$(TARGET_NAME)";
			};
			name = Debug;
		};
		317CC77A20164C5300B56FE3 /* Release */ = {
			isa = XCBuildConfiguration;
			buildSettings = {
				CODE_SIGN_STYLE = Automatic;
				PRODUCT_NAME = "$(TARGET_NAME)";
			};
			name = Release;
		};
/* End XCBuildConfiguration section */

/* Begin XCConfigurationList section */
		317CC74A20163E2800B56FE3 /* Build configuration list for PBXProject "day04" */ = {
			isa = XCConfigurationList;
			buildConfigurations = (
				317CC75420163E2800B56FE3 /* Debug */,
				317CC75520163E2800B56FE3 /* Release */,
			);
			defaultConfigurationIsVisible = 0;
			defaultConfigurationName = Release;
		};
		317CC75620163E2800B56FE3 /* Build configuration list for PBXNativeTarget "day04" */ = {
			isa = XCConfigurationList;
			buildConfigurations = (
				317CC75720163E2800B56FE3 /* Debug */,
				317CC75820163E2800B56FE3 /* Release */,
			);
			defaultConfigurationIsVisible = 0;
			defaultConfigurationName = Release;
		};
		317CC762201642BE00B56FE3 /* Build configuration list for PBXNativeTarget "if-else练习" */ = {
			isa = XCConfigurationList;
			buildConfigurations = (
				317CC763201642BE00B56FE3 /* Debug */,
				317CC764201642BE00B56FE3 /* Release */,
			);
			defaultConfigurationIsVisible = 0;
			defaultConfigurationName = Release;
		};
		317CC76D2016479000B56FE3 /* Build configuration list for PBXNativeTarget "if-else升级版练习" */ = {
			isa = XCConfigurationList;
			buildConfigurations = (
				317CC76E2016479000B56FE3 /* Debug */,
				317CC76F2016479000B56FE3 /* Release */,
			);
			defaultConfigurationIsVisible = 0;
			defaultConfigurationName = Release;
		};
		317CC77820164C5300B56FE3 /* Build configuration list for PBXNativeTarget "if-else if-else" */ = {
			isa = XCConfigurationList;
			buildConfigurations = (
				317CC77920164C5300B56FE3 /* Debug */,
				317CC77A20164C5300B56FE3 /* Release */,
			);
			defaultConfigurationIsVisible = 0;
			defaultConfigurationName = Release;
		};
/* End XCConfigurationList section */
	};
	rootObject = 317CC74720163E2800B56FE3 /* Project object */;
}
